// !$*UTF8*$!
{
	archiveVersion = 1;
	classes = {
	};
	objectVersion = 52;
	objects = {

/* Begin PBXBuildFile section */
		CF90B45D24EAC37500AEBEF5 /* AppDelegate.swift in Sources */ = {isa = PBXBuildFile; fileRef = CF90B45C24EAC37500AEBEF5 /* AppDelegate.swift */; };
		CF90B45F24EAC37500AEBEF5 /* SceneDelegate.swift in Sources */ = {isa = PBXBuildFile; fileRef = CF90B45E24EAC37500AEBEF5 /* SceneDelegate.swift */; };
		CF90B46124EAC37500AEBEF5 /* ContentView.swift in Sources */ = {isa = PBXBuildFile; fileRef = CF90B46024EAC37500AEBEF5 /* ContentView.swift */; };
		CF90B46324EAC37800AEBEF5 /* Assets.xcassets in Resources */ = {isa = PBXBuildFile; fileRef = CF90B46224EAC37800AEBEF5 /* Assets.xcassets */; };
		CF90B46624EAC37800AEBEF5 /* Preview Assets.xcassets in Resources */ = {isa = PBXBuildFile; fileRef = CF90B46524EAC37800AEBEF5 /* Preview Assets.xcassets */; };
		CF90B46924EAC37800AEBEF5 /* LaunchScreen.storyboard in Resources */ = {isa = PBXBuildFile; fileRef = CF90B46724EAC37800AEBEF5 /* LaunchScreen.storyboard */; };
		CF90B47A24ED70D300AEBEF5 /* WebIdIosSdk-2.2.0.xcframework in Frameworks */ = {isa = PBXBuildFile; fileRef = CF90B47824EBDB8A00AEBEF5 /* WebIdIosSdk-2.2.0.xcframework */; };
		CF90B47B24ED70D300AEBEF5 /* WebIdIosSdk-2.2.0.xcframework in Embed Frameworks */ = {isa = PBXBuildFile; fileRef = CF90B47824EBDB8A00AEBEF5 /* WebIdIosSdk-2.2.0.xcframework */; settings = {ATTRIBUTES = (CodeSignOnCopy, ); }; };
		CF90B48424ED732400AEBEF5 /* AhoyKit.framework in Frameworks */ = {isa = PBXBuildFile; fileRef = CF90B48224ED732400AEBEF5 /* AhoyKit.framework */; };
		CF90B48524ED732400AEBEF5 /* AhoyWebRTC.framework in Frameworks */ = {isa = PBXBuildFile; fileRef = CF90B48324ED732400AEBEF5 /* AhoyWebRTC.framework */; };
/* End PBXBuildFile section */

/* Begin PBXCopyFilesBuildPhase section */
		CF90B47624EBD79400AEBEF5 /* Embed Frameworks */ = {
			isa = PBXCopyFilesBuildPhase;
			buildActionMask = 2147483647;
			dstPath = "";
			dstSubfolderSpec = 10;
			files = (
				CF90B47B24ED70D300AEBEF5 /* WebIdIosSdk-2.2.0.xcframework in Embed Frameworks */,
			);
			name = "Embed Frameworks";
			runOnlyForDeploymentPostprocessing = 0;
		};
/* End PBXCopyFilesBuildPhase section */

/* Begin PBXFileReference section */
		CF90B45924EAC37500AEBEF5 /* SandboxWebID.app */ = {isa = PBXFileReference; explicitFileType = wrapper.application; includeInIndex = 0; path = SandboxWebID.app; sourceTree = BUILT_PRODUCTS_DIR; };
		CF90B45C24EAC37500AEBEF5 /* AppDelegate.swift */ = {isa = PBXFileReference; lastKnownFileType = sourcecode.swift; path = AppDelegate.swift; sourceTree = "<group>"; };
		CF90B45E24EAC37500AEBEF5 /* SceneDelegate.swift */ = {isa = PBXFileReference; lastKnownFileType = sourcecode.swift; path = SceneDelegate.swift; sourceTree = "<group>"; };
		CF90B46024EAC37500AEBEF5 /* ContentView.swift */ = {isa = PBXFileReference; lastKnownFileType = sourcecode.swift; path = ContentView.swift; sourceTree = "<group>"; };
		CF90B46224EAC37800AEBEF5 /* Assets.xcassets */ = {isa = PBXFileReference; lastKnownFileType = folder.assetcatalog; path = Assets.xcassets; sourceTree = "<group>"; };
		CF90B46524EAC37800AEBEF5 /* Preview Assets.xcassets */ = {isa = PBXFileReference; lastKnownFileType = folder.assetcatalog; path = "Preview Assets.xcassets"; sourceTree = "<group>"; };
		CF90B46824EAC37800AEBEF5 /* Base */ = {isa = PBXFileReference; lastKnownFileType = file.storyboard; name = Base; path = Base.lproj/LaunchScreen.storyboard; sourceTree = "<group>"; };
		CF90B46A24EAC37800AEBEF5 /* Info.plist */ = {isa = PBXFileReference; lastKnownFileType = text.plist.xml; path = Info.plist; sourceTree = "<group>"; };
		CF90B47824EBDB8A00AEBEF5 /* WebIdIosSdk-2.2.0.xcframework */ = {isa = PBXFileReference; lastKnownFileType = wrapper.xcframework; path = "WebIdIosSdk-2.2.0.xcframework"; sourceTree = "<group>"; };
		CF90B47F24ED721600AEBEF5 /* carthage-copy-output.xcfilelist */ = {isa = PBXFileReference; lastKnownFileType = text.xcfilelist; path = "carthage-copy-output.xcfilelist"; sourceTree = "<group>"; };
		CF90B48024ED721600AEBEF5 /* carthage-copy-input.xcfilelist */ = {isa = PBXFileReference; lastKnownFileType = text.xcfilelist; path = "carthage-copy-input.xcfilelist"; sourceTree = "<group>"; };
		CF90B48224ED732400AEBEF5 /* AhoyKit.framework */ = {isa = PBXFileReference; lastKnownFileType = wrapper.framework; name = AhoyKit.framework; path = Carthage/Build/iOS/AhoyKit.framework; sourceTree = SOURCE_ROOT; };
		CF90B48324ED732400AEBEF5 /* AhoyWebRTC.framework */ = {isa = PBXFileReference; lastKnownFileType = wrapper.framework; name = AhoyWebRTC.framework; path = Carthage/Build/iOS/AhoyWebRTC.framework; sourceTree = SOURCE_ROOT; };
/* End PBXFileReference section */

/* Begin PBXFrameworksBuildPhase section */
		CF90B45624EAC37500AEBEF5 /* Frameworks */ = {
			isa = PBXFrameworksBuildPhase;
			buildActionMask = 2147483647;
			files = (
				CF90B48424ED732400AEBEF5 /* AhoyKit.framework in Frameworks */,
				CF90B47A24ED70D300AEBEF5 /* WebIdIosSdk-2.2.0.xcframework in Frameworks */,
				CF90B48524ED732400AEBEF5 /* AhoyWebRTC.framework in Frameworks */,
			);
			runOnlyForDeploymentPostprocessing = 0;
		};
/* End PBXFrameworksBuildPhase section */

/* Begin PBXGroup section */
		CF90B45024EAC37500AEBEF5 = {
			isa = PBXGroup;
			children = (
				CF90B45B24EAC37500AEBEF5 /* SandboxWebID */,
				CF90B47024EAC38900AEBEF5 /* Frameworks */,
				CF90B45A24EAC37500AEBEF5 /* Products */,
			);
			sourceTree = "<group>";
		};
		CF90B45A24EAC37500AEBEF5 /* Products */ = {
			isa = PBXGroup;
			children = (
				CF90B45924EAC37500AEBEF5 /* SandboxWebID.app */,
			);
			name = Products;
			sourceTree = "<group>";
		};
		CF90B45B24EAC37500AEBEF5 /* SandboxWebID */ = {
			isa = PBXGroup;
			children = (
				CF90B45C24EAC37500AEBEF5 /* AppDelegate.swift */,
				CF90B45E24EAC37500AEBEF5 /* SceneDelegate.swift */,
				CF90B46024EAC37500AEBEF5 /* ContentView.swift */,
				CF90B46224EAC37800AEBEF5 /* Assets.xcassets */,
				CF90B46724EAC37800AEBEF5 /* LaunchScreen.storyboard */,
				CF90B46A24EAC37800AEBEF5 /* Info.plist */,
				CF90B46424EAC37800AEBEF5 /* Preview Content */,
			);
			path = SandboxWebID;
			sourceTree = "<group>";
		};
		CF90B46424EAC37800AEBEF5 /* Preview Content */ = {
			isa = PBXGroup;
			children = (
				CF90B46524EAC37800AEBEF5 /* Preview Assets.xcassets */,
			);
			path = "Preview Content";
			sourceTree = "<group>";
		};
		CF90B47024EAC38900AEBEF5 /* Frameworks */ = {
			isa = PBXGroup;
			children = (
				CF90B48124ED731000AEBEF5 /* Carthage */,
				CF90B48024ED721600AEBEF5 /* carthage-copy-input.xcfilelist */,
				CF90B47F24ED721600AEBEF5 /* carthage-copy-output.xcfilelist */,
				CF90B47824EBDB8A00AEBEF5 /* WebIdIosSdk-2.2.0.xcframework */,
			);
			path = Frameworks;
			sourceTree = "<group>";
		};
		CF90B48124ED731000AEBEF5 /* Carthage */ = {
			isa = PBXGroup;
			children = (
				CF90B48224ED732400AEBEF5 /* AhoyKit.framework */,
				CF90B48324ED732400AEBEF5 /* AhoyWebRTC.framework */,
			);
			path = Carthage;
			sourceTree = "<group>";
		};
/* End PBXGroup section */

/* Begin PBXNativeTarget section */
		CF90B45824EAC37500AEBEF5 /* SandboxWebID */ = {
			isa = PBXNativeTarget;
			buildConfigurationList = CF90B46D24EAC37800AEBEF5 /* Build configuration list for PBXNativeTarget "SandboxWebID" */;
			buildPhases = (
				CF90B47124EBD5A700AEBEF5 /* WebID: Download and Extract */,
				CF90B47724EBD8B100AEBEF5 /* Carthage: Build */,
				CF90B45524EAC37500AEBEF5 /* Sources */,
				CF90B45624EAC37500AEBEF5 /* Frameworks */,
				CF90B47C24ED70E100AEBEF5 /* Carthage: Copy Frameworks */,
				CF90B45724EAC37500AEBEF5 /* Resources */,
				CF90B47624EBD79400AEBEF5 /* Embed Frameworks */,
			);
			buildRules = (
			);
			dependencies = (
			);
			name = SandboxWebID;
			productName = SandboxWebID;
			productReference = CF90B45924EAC37500AEBEF5 /* SandboxWebID.app */;
			productType = "com.apple.product-type.application";
		};
/* End PBXNativeTarget section */

/* Begin PBXProject section */
		CF90B45124EAC37500AEBEF5 /* Project object */ = {
			isa = PBXProject;
			attributes = {
				LastSwiftUpdateCheck = 1160;
				LastUpgradeCheck = 1160;
				ORGANIZATIONNAME = "Sven Herzberg";
				TargetAttributes = {
					CF90B45824EAC37500AEBEF5 = {
						CreatedOnToolsVersion = 11.6;
					};
				};
			};
			buildConfigurationList = CF90B45424EAC37500AEBEF5 /* Build configuration list for PBXProject "SandboxWebID" */;
			compatibilityVersion = "Xcode 9.3";
			developmentRegion = en;
			hasScannedForEncodings = 0;
			knownRegions = (
				en,
				Base,
			);
			mainGroup = CF90B45024EAC37500AEBEF5;
			productRefGroup = CF90B45A24EAC37500AEBEF5 /* Products */;
			projectDirPath = "";
			projectRoot = "";
			targets = (
				CF90B45824EAC37500AEBEF5 /* SandboxWebID */,
			);
		};
/* End PBXProject section */

/* Begin PBXResourcesBuildPhase section */
		CF90B45724EAC37500AEBEF5 /* Resources */ = {
			isa = PBXResourcesBuildPhase;
			buildActionMask = 2147483647;
			files = (
				CF90B46924EAC37800AEBEF5 /* LaunchScreen.storyboard in Resources */,
				CF90B46624EAC37800AEBEF5 /* Preview Assets.xcassets in Resources */,
				CF90B46324EAC37800AEBEF5 /* Assets.xcassets in Resources */,
			);
			runOnlyForDeploymentPostprocessing = 0;
		};
/* End PBXResourcesBuildPhase section */

/* Begin PBXShellScriptBuildPhase section */
		CF90B47124EBD5A700AEBEF5 /* WebID: Download and Extract */ = {
			isa = PBXShellScriptBuildPhase;
			buildActionMask = 2147483647;
			files = (
			);
			inputFileListPaths = (
			);
			inputPaths = (
			);
			name = "WebID: Download and Extract";
			outputFileListPaths = (
			);
			outputPaths = (
			);
			runOnlyForDeploymentPostprocessing = 0;
			shellPath = /bin/zsh;
			shellScript = "# Type a script or drag a script file from your workspace to insert its path.\n\nset -o nounset\n\necho \"WebID: Download and Extract\"\n\ncd \"${DERIVED_FILE_DIR}\"\ntest -f 'WebIdIosSdk.framework-v2.2.0.zip' || \\\n    curl -O 'https://api.webid-solutions.de/releases/ios/xcframework/internal/2.2.0/WebIdIosSdk.framework-v2.2.0.zip'\ntest -d 'WebIdIosSdk-2.2.0.xcframework' || \\\n    unzip 'WebIdIosSdk.framework-v2.2.0.zip'\ntest -d '${SRCROOT}/Frameworks/WebIdIosSdk-2.2.0.xcframework' || \\\n    ditto 'WebIdIosSdk-2.2.0.xcframework' \"${SRCROOT}/Frameworks/WebIdIosSdk-2.2.0.xcframework\"\n";
			showEnvVarsInLog = 0;
		};
		CF90B47724EBD8B100AEBEF5 /* Carthage: Build */ = {
			isa = PBXShellScriptBuildPhase;
			buildActionMask = 2147483647;
			files = (
			);
			inputFileListPaths = (
			);
			inputPaths = (
			);
			name = "Carthage: Build";
			outputFileListPaths = (
			);
			outputPaths = (
			);
			runOnlyForDeploymentPostprocessing = 0;
			shellPath = /bin/zsh;
			shellScript = "# Type a script or drag a script file from your workspace to insert its path.\n\n. ~/.zshrc\n\ncarthage build --cache-builds --no-use-binaries --platform iOS\n";
			showEnvVarsInLog = 0;
		};
		CF90B47C24ED70E100AEBEF5 /* Carthage: Copy Frameworks */ = {
			isa = PBXShellScriptBuildPhase;
			buildActionMask = 2147483647;
			files = (
			);
			inputFileListPaths = (
				"$(SRCROOT)/Frameworks/carthage-copy-input.xcfilelist",
			);
			inputPaths = (
			);
			name = "Carthage: Copy Frameworks";
			outputFileListPaths = (
				"$(SRCROOT)/Frameworks/carthage-copy-output.xcfilelist",
			);
			outputPaths = (
			);
			runOnlyForDeploymentPostprocessing = 0;
			shellPath = /bin/zsh;
			shellScript = "# Type a script or drag a script file from your workspace to insert its path.\n\n. ~/.zshrc\n\ncarthage copy-frameworks\n";
		};
/* End PBXShellScriptBuildPhase section */

/* Begin PBXSourcesBuildPhase section */
		CF90B45524EAC37500AEBEF5 /* Sources */ = {
			isa = PBXSourcesBuildPhase;
			buildActionMask = 2147483647;
			files = (
				CF90B45D24EAC37500AEBEF5 /* AppDelegate.swift in Sources */,
				CF90B45F24EAC37500AEBEF5 /* SceneDelegate.swift in Sources */,
				CF90B46124EAC37500AEBEF5 /* ContentView.swift in Sources */,
			);
			runOnlyForDeploymentPostprocessing = 0;
		};
/* End PBXSourcesBuildPhase section */

/* Begin PBXVariantGroup section */
		CF90B46724EAC37800AEBEF5 /* LaunchScreen.storyboard */ = {
			isa = PBXVariantGroup;
			children = (
				CF90B46824EAC37800AEBEF5 /* Base */,
			);
			name = LaunchScreen.storyboard;
			sourceTree = "<group>";
		};
/* End PBXVariantGroup section */

/* Begin XCBuildConfiguration section */
		CF90B46B24EAC37800AEBEF5 /* Debug */ = {
			isa = XCBuildConfiguration;
			buildSettings = {
				ALWAYS_SEARCH_USER_PATHS = NO;
				CLANG_ANALYZER_NONNULL = YES;
				CLANG_ANALYZER_NUMBER_OBJECT_CONVERSION = YES_AGGRESSIVE;
				CLANG_CXX_LANGUAGE_STANDARD = "gnu++14";
				CLANG_CXX_LIBRARY = "libc++";
				CLANG_ENABLE_MODULES = YES;
				CLANG_ENABLE_OBJC_ARC = YES;
				CLANG_ENABLE_OBJC_WEAK = YES;
				CLANG_WARN_BLOCK_CAPTURE_AUTORELEASING = YES;
				CLANG_WARN_BOOL_CONVERSION = YES;
				CLANG_WARN_COMMA = YES;
				CLANG_WARN_CONSTANT_CONVERSION = YES;
				CLANG_WARN_DEPRECATED_OBJC_IMPLEMENTATIONS = YES;
				CLANG_WARN_DIRECT_OBJC_ISA_USAGE = YES_ERROR;
				CLANG_WARN_DOCUMENTATION_COMMENTS = YES;
				CLANG_WARN_EMPTY_BODY = YES;
				CLANG_WARN_ENUM_CONVERSION = YES;
				CLANG_WARN_INFINITE_RECURSION = YES;
				CLANG_WARN_INT_CONVERSION = YES;
				CLANG_WARN_NON_LITERAL_NULL_CONVERSION = YES;
				CLANG_WARN_OBJC_IMPLICIT_RETAIN_SELF = YES;
				CLANG_WARN_OBJC_LITERAL_CONVERSION = YES;
				CLANG_WARN_OBJC_ROOT_CLASS = YES_ERROR;
				CLANG_WARN_RANGE_LOOP_ANALYSIS = YES;
				CLANG_WARN_STRICT_PROTOTYPES = YES;
				CLANG_WARN_SUSPICIOUS_MOVE = YES;
				CLANG_WARN_UNGUARDED_AVAILABILITY = YES_AGGRESSIVE;
				CLANG_WARN_UNREACHABLE_CODE = YES;
				CLANG_WARN__DUPLICATE_METHOD_MATCH = YES;
				COPY_PHASE_STRIP = NO;
				DEBUG_INFORMATION_FORMAT = dwarf;
				ENABLE_STRICT_OBJC_MSGSEND = YES;
				ENABLE_TESTABILITY = YES;
				GCC_C_LANGUAGE_STANDARD = gnu11;
				GCC_DYNAMIC_NO_PIC = NO;
				GCC_NO_COMMON_BLOCKS = YES;
				GCC_OPTIMIZATION_LEVEL = 0;
				GCC_PREPROCESSOR_DEFINITIONS = (
					"DEBUG=1",
					"$(inherited)",
				);
				GCC_WARN_64_TO_32_BIT_CONVERSION = YES;
				GCC_WARN_ABOUT_RETURN_TYPE = YES_ERROR;
				GCC_WARN_UNDECLARED_SELECTOR = YES;
				GCC_WARN_UNINITIALIZED_AUTOS = YES_AGGRESSIVE;
				GCC_WARN_UNUSED_FUNCTION = YES;
				GCC_WARN_UNUSED_VARIABLE = YES;
				IPHONEOS_DEPLOYMENT_TARGET = 13.6;
				MTL_ENABLE_DEBUG_INFO = INCLUDE_SOURCE;
				MTL_FAST_MATH = YES;
				ONLY_ACTIVE_ARCH = YES;
				SDKROOT = iphoneos;
				SWIFT_ACTIVE_COMPILATION_CONDITIONS = DEBUG;
				SWIFT_OPTIMIZATION_LEVEL = "-Onone";
			};
			name = Debug;
		};
		CF90B46C24EAC37800AEBEF5 /* Release */ = {
			isa = XCBuildConfiguration;
			buildSettings = {
				ALWAYS_SEARCH_USER_PATHS = NO;
				CLANG_ANALYZER_NONNULL = YES;
				CLANG_ANALYZER_NUMBER_OBJECT_CONVERSION = YES_AGGRESSIVE;
				CLANG_CXX_LANGUAGE_STANDARD = "gnu++14";
				CLANG_CXX_LIBRARY = "libc++";
				CLANG_ENABLE_MODULES = YES;
				CLANG_ENABLE_OBJC_ARC = YES;
				CLANG_ENABLE_OBJC_WEAK = YES;
				CLANG_WARN_BLOCK_CAPTURE_AUTORELEASING = YES;
				CLANG_WARN_BOOL_CONVERSION = YES;
				CLANG_WARN_COMMA = YES;
				CLANG_WARN_CONSTANT_CONVERSION = YES;
				CLANG_WARN_DEPRECATED_OBJC_IMPLEMENTATIONS = YES;
				CLANG_WARN_DIRECT_OBJC_ISA_USAGE = YES_ERROR;
				CLANG_WARN_DOCUMENTATION_COMMENTS = YES;
				CLANG_WARN_EMPTY_BODY = YES;
				CLANG_WARN_ENUM_CONVERSION = YES;
				CLANG_WARN_INFINITE_RECURSION = YES;
				CLANG_WARN_INT_CONVERSION = YES;
				CLANG_WARN_NON_LITERAL_NULL_CONVERSION = YES;
				CLANG_WARN_OBJC_IMPLICIT_RETAIN_SELF = YES;
				CLANG_WARN_OBJC_LITERAL_CONVERSION = YES;
				CLANG_WARN_OBJC_ROOT_CLASS = YES_ERROR;
				CLANG_WARN_RANGE_LOOP_ANALYSIS = YES;
				CLANG_WARN_STRICT_PROTOTYPES = YES;
				CLANG_WARN_SUSPICIOUS_MOVE = YES;
				CLANG_WARN_UNGUARDED_AVAILABILITY = YES_AGGRESSIVE;
				CLANG_WARN_UNREACHABLE_CODE = YES;
				CLANG_WARN__DUPLICATE_METHOD_MATCH = YES;
				COPY_PHASE_STRIP = NO;
				DEBUG_INFORMATION_FORMAT = "dwarf-with-dsym";
				ENABLE_NS_ASSERTIONS = NO;
				ENABLE_STRICT_OBJC_MSGSEND = YES;
				GCC_C_LANGUAGE_STANDARD = gnu11;
				GCC_NO_COMMON_BLOCKS = YES;
				GCC_WARN_64_TO_32_BIT_CONVERSION = YES;
				GCC_WARN_ABOUT_RETURN_TYPE = YES_ERROR;
				GCC_WARN_UNDECLARED_SELECTOR = YES;
				GCC_WARN_UNINITIALIZED_AUTOS = YES_AGGRESSIVE;
				GCC_WARN_UNUSED_FUNCTION = YES;
				GCC_WARN_UNUSED_VARIABLE = YES;
				IPHONEOS_DEPLOYMENT_TARGET = 13.6;
				MTL_ENABLE_DEBUG_INFO = NO;
				MTL_FAST_MATH = YES;
				SDKROOT = iphoneos;
				SWIFT_COMPILATION_MODE = wholemodule;
				SWIFT_OPTIMIZATION_LEVEL = "-O";
				VALIDATE_PRODUCT = YES;
			};
			name = Release;
		};
		CF90B46E24EAC37800AEBEF5 /* Debug */ = {
			isa = XCBuildConfiguration;
			buildSettings = {
				ASSETCATALOG_COMPILER_APPICON_NAME = AppIcon;
				CODE_SIGN_STYLE = Automatic;
				DEVELOPMENT_ASSET_PATHS = "\"SandboxWebID/Preview Content\"";
				DEVELOPMENT_TEAM = 38R2LLP8AF;
				ENABLE_PREVIEWS = YES;
				FRAMEWORK_SEARCH_PATHS = (
					"$(inherited)",
					"$(PROJECT_DIR)/Carthage/Build/iOS",
				);
				INFOPLIST_FILE = SandboxWebID/Info.plist;
				LD_RUNPATH_SEARCH_PATHS = (
					"$(inherited)",
					"@executable_path/Frameworks",
				);
				PRODUCT_BUNDLE_IDENTIFIER = com.cluepunk.SandboxWebID;
				PRODUCT_NAME = "$(TARGET_NAME)";
				SWIFT_VERSION = 5.0;
				TARGETED_DEVICE_FAMILY = "1,2";
			};
			name = Debug;
		};
		CF90B46F24EAC37800AEBEF5 /* Release */ = {
			isa = XCBuildConfiguration;
			buildSettings = {
				ASSETCATALOG_COMPILER_APPICON_NAME = AppIcon;
				CODE_SIGN_STYLE = Automatic;
				DEVELOPMENT_ASSET_PATHS = "\"SandboxWebID/Preview Content\"";
				DEVELOPMENT_TEAM = 38R2LLP8AF;
				ENABLE_PREVIEWS = YES;
				FRAMEWORK_SEARCH_PATHS = (
					"$(inherited)",
					"$(PROJECT_DIR)/Carthage/Build/iOS",
				);
				INFOPLIST_FILE = SandboxWebID/Info.plist;
				LD_RUNPATH_SEARCH_PATHS = (
					"$(inherited)",
					"@executable_path/Frameworks",
				);
				PRODUCT_BUNDLE_IDENTIFIER = com.cluepunk.SandboxWebID;
				PRODUCT_NAME = "$(TARGET_NAME)";
				SWIFT_VERSION = 5.0;
				TARGETED_DEVICE_FAMILY = "1,2";
			};
			name = Release;
		};
/* End XCBuildConfiguration section */

/* Begin XCConfigurationList section */
		CF90B45424EAC37500AEBEF5 /* Build configuration list for PBXProject "SandboxWebID" */ = {
			isa = XCConfigurationList;
			buildConfigurations = (
				CF90B46B24EAC37800AEBEF5 /* Debug */,
				CF90B46C24EAC37800AEBEF5 /* Release */,
			);
			defaultConfigurationIsVisible = 0;
			defaultConfigurationName = Release;
		};
		CF90B46D24EAC37800AEBEF5 /* Build configuration list for PBXNativeTarget "SandboxWebID" */ = {
			isa = XCConfigurationList;
			buildConfigurations = (
				CF90B46E24EAC37800AEBEF5 /* Debug */,
				CF90B46F24EAC37800AEBEF5 /* Release */,
			);
			defaultConfigurationIsVisible = 0;
			defaultConfigurationName = Release;
		};
/* End XCConfigurationList section */
	};
	rootObject = CF90B45124EAC37500AEBEF5 /* Project object */;
}
